
Microsoft Visual Studio Solution File, Format Version 12.00
# Visual Studio 15
VisualStudioVersion = 15.0.28307.902
MinimumVisualStudioVersion = 10.0.40219.1
Project("{FAE04EC0-301F-11D3-BF4B-00C04F79EFBC}") = "IronPython_TestBind", "IronPython_TestBind\IronPython_TestBind.csproj", "{D8C5F1EF-F8F2-45F6-82C8-9E195A896A33}"
EndProject
Global
	GlobalSection(SolutionConfigurationPlatforms) = preSolution
		Debug|Any CPU = Debug|Any CPU
		Release|Any CPU = Release|Any CPU
	EndGlobalSection
	GlobalSection(ProjectConfigurationPlatforms) = postSolution
		{D8C5F1EF-F8F2-45F6-82C8-9E195A896A33}.Debug|Any CPU.ActiveCfg = Debug|Any CPU
		{D8C5F1EF-F8F2-45F6-82C8-9E195A896A33}.Debug|Any CPU.Build.0 = Debug|Any CPU
		{D8C5F1EF-F8F2-45F6-82C8-9E195A896A33}.Release|Any CPU.ActiveCfg = Release|Any CPU
		{D8C5F1EF-F8F2-45F6-82C8-9E195A896A33}.Release|Any CPU.Build.0 = Release|Any CPU
	EndGlobalSection
	GlobalSection(SolutionProperties) = preSolution
		HideSolutionNode = FALSE
	EndGlobalSection
	GlobalSection(ExtensibilityGlobals) = postSolution
		SolutionGuid = {EA98DDC9-E81B-41E1-849E-2553624CEB1F}
	EndGlobalSection
EndGlobal
